{
  "name": "erc8004",
  "version": "1.0.0",
  "lockfileVersion": 3,
  "requires": true,
  "packages": {
    "": {
      "name": "erc8004",
      "version": "1.0.0",
      "license": "ISC",
      "dependencies": {
        "agent0-sdk": "^1.5.2"
      }
    },
    "node_modules/@adraffy/ens-normalize": {
      "version": "1.11.1",
      "license": "MIT"
    },
    "node_modules/@chainsafe/is-ip": {
      "version": "2.1.0",
      "license": "MIT"
    },
    "node_modules/@chainsafe/netmask": {
      "version": "2.0.0",
      "license": "MIT",
      "dependencies": {
        "@chainsafe/is-ip": "^2.0.1"
      }
    },
    "node_modules/@dnsquery/dns-packet": {
      "version": "6.1.1",
      "license": "MIT",
      "dependencies": {
        "@leichtgewicht/ip-codec": "^2.0.4",
        "utf8-codec": "^1.0.0"
      },
      "engines": {
        "node": ">=6"
      }
    },
    "node_modules/@fastify/busboy": {
      "version": "2.1.1",
      "license": "MIT",
      "engines": {
        "node": ">=14"
      }
    },
    "node_modules/@graphql-typed-document-node/core": {
      "version": "3.2.0",
      "license": "MIT",
      "peerDependencies": {
        "graphql": "^0.8.0 || ^0.9.0 || ^0.10.0 || ^0.11.0 || ^0.12.0 || ^0.13.0 || ^14.0.0 || ^15.0.0 || ^16.0.0 || ^17.0.0"
      }
    },
    "node_modules/@ipld/dag-cbor": {
      "version": "9.2.5",
      "license": "Apache-2.0 OR MIT",
      "dependencies": {
        "cborg": "^4.0.0",
        "multiformats": "^13.1.0"
      },
      "engines": {
        "node": ">=16.0.0",
        "npm": ">=7.0.0"
      }
    },
    "node_modules/@ipld/dag-cbor/node_modules/multiformats": {
      "version": "13.4.2",
      "license": "Apache-2.0 OR MIT"
    },
    "node_modules/@ipld/dag-json": {
      "version": "10.2.6",
      "license": "Apache-2.0 OR MIT",
      "dependencies": {
        "cborg": "^4.4.0",
        "multiformats": "^13.1.0"
      },
      "engines": {
        "node": ">=16.0.0",
        "npm": ">=7.0.0"
      }
    },
    "node_modules/@ipld/dag-json/node_modules/multiformats": {
      "version": "13.4.2",
      "license": "Apache-2.0 OR MIT"
    },
    "node_modules/@ipld/dag-pb": {
      "version": "4.1.5",
      "license": "Apache-2.0 OR MIT",
      "dependencies": {
        "multiformats": "^13.1.0"
      },
      "engines": {
        "node": ">=16.0.0",
        "npm": ">=7.0.0"
      }
    },
    "node_modules/@ipld/dag-pb/node_modules/multiformats": {
      "version": "13.4.2",
      "license": "Apache-2.0 OR MIT"
    },
    "node_modules/@leichtgewicht/ip-codec": {
      "version": "2.0.5",
      "license": "MIT"
    },
    "node_modules/@libp2p/interface": {
      "version": "3.1.0",
      "license": "Apache-2.0 OR MIT",
      "dependencies": {
        "@multiformats/dns": "^1.0.6",
        "@multiformats/multiaddr": "^13.0.1",
        "main-event": "^1.0.1",
        "multiformats": "^13.4.0",
        "progress-events": "^1.0.1",
        "uint8arraylist": "^2.4.8"
      }
    },
    "node_modules/@libp2p/interface-connection": {
      "version": "4.0.0",
      "license": "Apache-2.0 OR MIT",
      "dependencies": {
        "@libp2p/interface-peer-id": "^2.0.0",
        "@libp2p/interfaces": "^3.0.0",
        "@multiformats/multiaddr": "^12.0.0",
        "it-stream-types": "^1.0.4",
        "uint8arraylist": "^2.1.2"
      },
      "engines": {
        "node": ">=16.0.0",
        "npm": ">=7.0.0"
      }
    },
    "node_modules/@libp2p/interface-connection/node_modules/@multiformats/multiaddr": {
      "version": "12.5.1",
      "license": "Apache-2.0 OR MIT",
      "dependencies": {
        "@chainsafe/is-ip": "^2.0.1",
        "@chainsafe/netmask": "^2.0.0",
        "@multiformats/dns": "^1.0.3",
        "abort-error": "^1.0.1",
        "multiformats": "^13.0.0",
        "uint8-varint": "^2.0.1",
        "uint8arrays": "^5.0.0"
      }
    },
    "node_modules/@libp2p/interface-connection/node_modules/multiformats": {
      "version": "13.4.2",
      "license": "Apache-2.0 OR MIT"
    },
    "node_modules/@libp2p/interface-connection/node_modules/uint8arrays": {
      "version": "5.1.0",
      "license": "Apache-2.0 OR MIT",
      "dependencies": {
        "multiformats": "^13.0.0"
      }
    },
    "node_modules/@libp2p/interface-keychain": {
      "version": "2.0.5",
      "license": "Apache-2.0 OR MIT",
      "dependencies": {
        "@libp2p/interface-peer-id": "^2.0.0",
        "multiformats": "^11.0.0"
      },
      "engines": {
        "node": ">=16.0.0",
        "npm": ">=7.0.0"
      }
    },
    "node_modules/@libp2p/interface-peer-id": {
      "version": "2.0.2",
      "license": "Apache-2.0 OR MIT",
      "dependencies": {
        "multiformats": "^11.0.0"
      },
      "engines": {
        "node": ">=16.0.0",
        "npm": ">=7.0.0"
      }
    },
    "node_modules/@libp2p/interface-peer-info": {
      "version": "1.0.10",
      "license": "Apache-2.0 OR MIT",
      "dependencies": {
        "@libp2p/interface-peer-id": "^2.0.0",
        "@multiformats/multiaddr": "^12.0.0"
      },
      "engines": {
        "node": ">=16.0.0",
        "npm": ">=7.0.0"
      }
    },
    "node_modules/@libp2p/interface-peer-info/node_modules/@multiformats/multiaddr": {
      "version": "12.5.1",
      "license": "Apache-2.0 OR MIT",
      "dependencies": {
        "@chainsafe/is-ip": "^2.0.1",
        "@chainsafe/netmask": "^2.0.0",
        "@multiformats/dns": "^1.0.3",
        "abort-error": "^1.0.1",
        "multiformats": "^13.0.0",
        "uint8-varint": "^2.0.1",
        "uint8arrays": "^5.0.0"
      }
    },
    "node_modules/@libp2p/interface-peer-info/node_modules/multiformats": {
      "version": "13.4.2",
      "license": "Apache-2.0 OR MIT"
    },
    "node_modules/@libp2p/interface-peer-info/node_modules/uint8arrays": {
      "version": "5.1.0",
      "license": "Apache-2.0 OR MIT",
      "dependencies": {
        "multiformats": "^13.0.0"
      }
    },
    "node_modules/@libp2p/interface-pubsub": {
      "version": "3.0.7",
      "license": "Apache-2.0 OR MIT",
      "dependencies": {
        "@libp2p/interface-connection": "^4.0.0",
        "@libp2p/interface-peer-id": "^2.0.0",
        "@libp2p/interfaces": "^3.0.0",
        "it-pushable": "^3.0.0",
        "uint8arraylist": "^2.1.2"
      },
      "engines": {
        "node": ">=16.0.0",
        "npm": ">=7.0.0"
      }
    },
    "node_modules/@libp2p/interface/node_modules/@multiformats/multiaddr": {
      "version": "13.0.1",
      "license": "Apache-2.0 OR MIT",
      "dependencies": {
        "@chainsafe/is-ip": "^2.0.1",
        "multiformats": "^13.0.0",
        "uint8-varint": "^2.0.1",
        "uint8arrays": "^5.0.0"
      }
    },
    "node_modules/@libp2p/interface/node_modules/multiformats": {
      "version": "13.4.2",
      "license": "Apache-2.0 OR MIT"
    },
    "node_modules/@libp2p/interface/node_modules/uint8arrays": {
      "version": "5.1.0",
      "license": "Apache-2.0 OR MIT",
      "dependencies": {
        "multiformats": "^13.0.0"
      }
    },
    "node_modules/@libp2p/interfaces": {
      "version": "3.3.2",
      "license": "Apache-2.0 OR MIT",
      "engines": {
        "node": ">=16.0.0",
        "npm": ">=7.0.0"
      }
    },
    "node_modules/@libp2p/logger": {
      "version": "2.1.1",
      "license": "Apache-2.0 OR MIT",
      "dependencies": {
        "@libp2p/interface-peer-id": "^2.0.2",
        "@multiformats/multiaddr": "^12.1.3",
        "debug": "^4.3.4",
        "interface-datastore": "^8.2.0",
        "multiformats": "^11.0.2"
      },
      "engines": {
        "node": ">=16.0.0",
        "npm": ">=7.0.0"
      }
    },
    "node_modules/@libp2p/logger/node_modules/@multiformats/multiaddr": {
      "version": "12.5.1",
      "license": "Apache-2.0 OR MIT",
      "dependencies": {
        "@chainsafe/is-ip": "^2.0.1",
        "@chainsafe/netmask": "^2.0.0",
        "@multiformats/dns": "^1.0.3",
        "abort-error": "^1.0.1",
        "multiformats": "^13.0.0",
        "uint8-varint": "^2.0.1",
        "uint8arrays": "^5.0.0"
      }
    },
    "node_modules/@libp2p/logger/node_modules/@multiformats/multiaddr/node_modules/multiformats": {
      "version": "13.4.2",
      "license": "Apache-2.0 OR MIT"
    },
    "node_modules/@libp2p/logger/node_modules/uint8arrays": {
      "version": "5.1.0",
      "license": "Apache-2.0 OR MIT",
      "dependencies": {
        "multiformats": "^13.0.0"
      }
    },
    "node_modules/@libp2p/logger/node_modules/uint8arrays/node_modules/multiformats": {
      "version": "13.4.2",
      "license": "Apache-2.0 OR MIT"
    },
    "node_modules/@libp2p/peer-id": {
      "version": "2.0.4",
      "license": "Apache-2.0 OR MIT",
      "dependencies": {
        "@libp2p/interface-peer-id": "^2.0.0",
        "@libp2p/interfaces": "^3.2.0",
        "multiformats": "^11.0.0",
        "uint8arrays": "^4.0.2"
      },
      "engines": {
        "node": ">=16.0.0",
        "npm": ">=7.0.0"
      }
    },
    "node_modules/@multiformats/dns": {
      "version": "1.0.13",
      "license": "Apache-2.0 OR MIT",
      "dependencies": {
        "@dnsquery/dns-packet": "^6.1.1",
        "@libp2p/interface": "^3.1.0",
        "hashlru": "^2.3.0",
        "p-queue": "^9.0.0",
        "progress-events": "^1.0.0",
        "uint8arrays": "^5.0.2"
      }
    },
    "node_modules/@multiformats/dns/node_modules/multiformats": {
      "version": "13.4.2",
      "license": "Apache-2.0 OR MIT"
    },
    "node_modules/@multiformats/dns/node_modules/uint8arrays": {
      "version": "5.1.0",
      "license": "Apache-2.0 OR MIT",
      "dependencies": {
        "multiformats": "^13.0.0"
      }
    },
    "node_modules/@multiformats/multiaddr": {
      "version": "11.6.1",
      "license": "Apache-2.0 OR MIT",
      "dependencies": {
        "@chainsafe/is-ip": "^2.0.1",
        "dns-over-http-resolver": "^2.1.0",
        "err-code": "^3.0.1",
        "multiformats": "^11.0.0",
        "uint8arrays": "^4.0.2",
        "varint": "^6.0.0"
      },
      "engines": {
        "node": ">=16.0.0",
        "npm": ">=7.0.0"
      }
    },
    "node_modules/@multiformats/multiaddr-to-uri": {
      "version": "9.0.8",
      "license": "Apache-2.0 OR MIT",
      "dependencies": {
        "@multiformats/multiaddr": "^12.0.0"
      }
    },
    "node_modules/@multiformats/multiaddr-to-uri/node_modules/@multiformats/multiaddr": {
      "version": "12.5.1",
      "license": "Apache-2.0 OR MIT",
      "dependencies": {
        "@chainsafe/is-ip": "^2.0.1",
        "@chainsafe/netmask": "^2.0.0",
        "@multiformats/dns": "^1.0.3",
        "abort-error": "^1.0.1",
        "multiformats": "^13.0.0",
        "uint8-varint": "^2.0.1",
        "uint8arrays": "^5.0.0"
      }
    },
    "node_modules/@multiformats/multiaddr-to-uri/node_modules/multiformats": {
      "version": "13.4.2",
      "license": "Apache-2.0 OR MIT"
    },
    "node_modules/@multiformats/multiaddr-to-uri/node_modules/uint8arrays": {
      "version": "5.1.0",
      "license": "Apache-2.0 OR MIT",
      "dependencies": {
        "multiformats": "^13.0.0"
      }
    },
    "node_modules/@noble/ciphers": {
      "version": "1.3.0",
      "license": "MIT",
      "engines": {
        "node": "^14.21.3 || >=16"
      },
      "funding": {
        "url": "https://paulmillr.com/funding/"
      }
    },
    "node_modules/@noble/curves": {
      "version": "1.9.1",
      "license": "MIT",
      "dependencies": {
        "@noble/hashes": "1.8.0"
      },
      "engines": {
        "node": "^14.21.3 || >=16"
      },
      "funding": {
        "url": "https://paulmillr.com/funding/"
      }
    },
    "node_modules/@noble/hashes": {
      "version": "1.8.0",
      "license": "MIT",
      "engines": {
        "node": "^14.21.3 || >=16"
      },
      "funding": {
        "url": "https://paulmillr.com/funding/"
      }
    },
    "node_modules/@protobufjs/aspromise": {
      "version": "1.1.2",
      "license": "BSD-3-Clause"
    },
    "node_modules/@protobufjs/base64": {
      "version": "1.1.2",
      "license": "BSD-3-Clause"
    },
    "node_modules/@protobufjs/codegen": {
      "version": "2.0.4",
      "license": "BSD-3-Clause"
    },
    "node_modules/@protobufjs/eventemitter": {
      "version": "1.1.0",
      "license": "BSD-3-Clause"
    },
    "node_modules/@protobufjs/fetch": {
      "version": "1.1.0",
      "license": "BSD-3-Clause",
      "dependencies": {
        "@protobufjs/aspromise": "^1.1.1",
        "@protobufjs/inquire": "^1.1.0"
      }
    },
    "node_modules/@protobufjs/float": {
      "version": "1.0.2",
      "license": "BSD-3-Clause"
    },
    "node_modules/@protobufjs/inquire": {
      "version": "1.1.0",
      "license": "BSD-3-Clause"
    },
    "node_modules/@protobufjs/path": {
      "version": "1.1.2",
      "license": "BSD-3-Clause"
    },
    "node_modules/@protobufjs/pool": {
      "version": "1.1.0",
      "license": "BSD-3-Clause"
    },
    "node_modules/@protobufjs/utf8": {
      "version": "1.1.0",
      "license": "BSD-3-Clause"
    },
    "node_modules/@scure/base": {
      "version": "1.2.6",
      "license": "MIT",
      "funding": {
        "url": "https://paulmillr.com/funding/"
      }
    },
    "node_modules/@scure/bip32": {
      "version": "1.7.0",
      "license": "MIT",
      "dependencies": {
        "@noble/curves": "~1.9.0",
        "@noble/hashes": "~1.8.0",
        "@scure/base": "~1.2.5"
      },
      "funding": {
        "url": "https://paulmillr.com/funding/"
      }
    },
    "node_modules/@scure/bip39": {
      "version": "1.6.0",
      "license": "MIT",
      "dependencies": {
        "@noble/hashes": "~1.8.0",
        "@scure/base": "~1.2.5"
      },
      "funding": {
        "url": "https://paulmillr.com/funding/"
      }
    },
    "node_modules/@types/minimatch": {
      "version": "3.0.5",
      "license": "MIT"
    },
    "node_modules/@types/node": {
      "version": "18.19.130",
      "license": "MIT",
      "dependencies": {
        "undici-types": "~5.26.4"
      }
    },
    "node_modules/abitype": {
      "version": "1.2.3",
      "license": "MIT",
      "funding": {
        "url": "https://github.com/sponsors/wevm"
      },
      "peerDependencies": {
        "typescript": ">=5.0.4",
        "zod": "^3.22.0 || ^4.0.0"
      },
      "peerDependenciesMeta": {
        "typescript": {
          "optional": true
        },
        "zod": {
          "optional": true
        }
      }
    },
    "node_modules/abort-error": {
      "version": "1.0.1",
      "license": "Apache-2.0 OR MIT"
    },
    "node_modules/agent0-sdk": {
      "version": "1.5.2",
      "resolved": "https://registry.npmjs.org/agent0-sdk/-/agent0-sdk-1.5.2.tgz",
      "integrity": "sha512-BKqj0ZKuN3IpdK8wcjSRjLtwslqSITpwF6t2fEE3p0Uh54btSC4XfR0qBmM9DCKjdXMN9nc9qR9GdZOUTy7krw==",
      "license": "MIT",
      "dependencies": {
        "graphql-request": "^6.1.0",
        "ipfs-http-client": "^60.0.1",
        "viem": "^2.37.5"
      },
      "engines": {
        "node": ">=22.0.0"
      }
    },
    "node_modules/any-signal": {
      "version": "3.0.1",
      "license": "MIT"
    },
    "node_modules/balanced-match": {
      "version": "1.0.2",
      "license": "MIT"
    },
    "node_modules/base64-js": {
      "version": "1.5.1",
      "funding": [
        {
          "type": "github",
          "url": "https://github.com/sponsors/feross"
        },
        {
          "type": "patreon",
          "url": "https://www.patreon.com/feross"
        },
        {
          "type": "consulting",
          "url": "https://feross.org/support"
        }
      ],
      "license": "MIT"
    },
    "node_modules/blob-to-it": {
      "version": "2.0.10",
      "license": "Apache-2.0 OR MIT",
      "dependencies": {
        "browser-readablestream-to-it": "^2.0.0"
      }
    },
    "node_modules/brace-expansion": {
      "version": "1.1.12",
      "license": "MIT",
      "dependencies": {
        "balanced-match": "^1.0.0",
        "concat-map": "0.0.1"
      }
    },
    "node_modules/browser-readablestream-to-it": {
      "version": "2.0.10",
      "license": "Apache-2.0 OR MIT"
    },
    "node_modules/buffer": {
      "version": "6.0.3",
      "funding": [
        {
          "type": "github",
          "url": "https://github.com/sponsors/feross"
        },
        {
          "type": "patreon",
          "url": "https://www.patreon.com/feross"
        },
        {
          "type": "consulting",
          "url": "https://feross.org/support"
        }
      ],
      "license": "MIT",
      "dependencies": {
        "base64-js": "^1.3.1",
        "ieee754": "^1.2.1"
      }
    },
    "node_modules/cborg": {
      "version": "4.5.8",
      "license": "Apache-2.0",
      "bin": {
        "cborg": "lib/bin.js"
      }
    },
    "node_modules/concat-map": {
      "version": "0.0.1",
      "license": "MIT"
    },
    "node_modules/cross-fetch": {
      "version": "3.2.0",
      "license": "MIT",
      "dependencies": {
        "node-fetch": "^2.7.0"
      }
    },
    "node_modules/dag-jose": {
      "version": "4.0.0",
      "license": "(Apache-2.0 OR MIT)",
      "dependencies": {
        "@ipld/dag-cbor": "^9.0.0",
        "multiformats": "^11.0.0"
      }
    },
    "node_modules/debug": {
      "version": "4.4.3",
      "license": "MIT",
      "dependencies": {
        "ms": "^2.1.3"
      },
      "engines": {
        "node": ">=6.0"
      },
      "peerDependenciesMeta": {
        "supports-color": {
          "optional": true
        }
      }
    },
    "node_modules/dns-over-http-resolver": {
      "version": "2.1.3",
      "license": "Apache-2.0 OR MIT",
      "dependencies": {
        "debug": "^4.3.1",
        "native-fetch": "^4.0.2",
        "receptacle": "^1.3.2",
        "undici": "^5.12.0"
      }
    },
    "node_modules/electron-fetch": {
      "version": "1.9.1",
      "license": "MIT",
      "dependencies": {
        "encoding": "^0.1.13"
      },
      "engines": {
        "node": ">=6"
      }
    },
    "node_modules/encoding": {
      "version": "0.1.13",
      "license": "MIT",
      "dependencies": {
        "iconv-lite": "^0.6.2"
      }
    },
    "node_modules/err-code": {
      "version": "3.0.1",
      "license": "MIT"
    },
    "node_modules/eventemitter3": {
      "version": "5.0.1",
      "license": "MIT"
    },
    "node_modules/fast-fifo": {
      "version": "1.3.2",
      "license": "MIT"
    },
    "node_modules/get-iterator": {
      "version": "1.0.2",
      "license": "MIT"
    },
    "node_modules/graphql": {
      "version": "16.12.0",
      "license": "MIT",
      "peer": true,
      "engines": {
        "node": "^12.22.0 || ^14.16.0 || ^16.0.0 || >=17.0.0"
      }
    },
    "node_modules/graphql-request": {
      "version": "6.1.0",
      "license": "MIT",
      "dependencies": {
        "@graphql-typed-document-node/core": "^3.2.0",
        "cross-fetch": "^3.1.5"
      },
      "peerDependencies": {
        "graphql": "14 - 16"
      }
    },
    "node_modules/hashlru": {
      "version": "2.3.0",
      "license": "MIT"
    },
    "node_modules/iconv-lite": {
      "version": "0.6.3",
      "license": "MIT",
      "dependencies": {
        "safer-buffer": ">= 2.1.2 < 3.0.0"
      },
      "engines": {
        "node": ">=0.10.0"
      }
    },
    "node_modules/ieee754": {
      "version": "1.2.1",
      "funding": [
        {
          "type": "github",
          "url": "https://github.com/sponsors/feross"
        },
        {
          "type": "patreon",
          "url": "https://www.patreon.com/feross"
        },
        {
          "type": "consulting",
          "url": "https://feross.org/support"
        }
      ],
      "license": "BSD-3-Clause"
    },
    "node_modules/inherits": {
      "version": "2.0.4",
      "license": "ISC"
    },
    "node_modules/interface-datastore": {
      "version": "8.3.2",
      "license": "Apache-2.0 OR MIT",
      "dependencies": {
        "interface-store": "^6.0.0",
        "uint8arrays": "^5.1.0"
      }
    },
    "node_modules/interface-datastore/node_modules/multiformats": {
      "version": "13.4.2",
      "license": "Apache-2.0 OR MIT"
    },
    "node_modules/interface-datastore/node_modules/uint8arrays": {
      "version": "5.1.0",
      "license": "Apache-2.0 OR MIT",
      "dependencies": {
        "multiformats": "^13.0.0"
      }
    },
    "node_modules/interface-store": {
      "version": "6.0.3",
      "license": "Apache-2.0 OR MIT"
    },
    "node_modules/ipfs-core-types": {
      "version": "0.14.1",
      "license": "Apache-2.0 OR MIT",
      "dependencies": {
        "@ipld/dag-pb": "^4.0.0",
        "@libp2p/interface-keychain": "^2.0.0",
        "@libp2p/interface-peer-id": "^2.0.0",
        "@libp2p/interface-peer-info": "^1.0.2",
        "@libp2p/interface-pubsub": "^3.0.0",
        "@multiformats/multiaddr": "^11.1.5",
        "@types/node": "^18.0.0",
        "interface-datastore": "^7.0.0",
        "ipfs-unixfs": "^9.0.0",
        "multiformats": "^11.0.0"
      },
      "engines": {
        "node": ">=16.0.0",
        "npm": ">=7.0.0"
      }
    },
    "node_modules/ipfs-core-types/node_modules/interface-datastore": {
      "version": "7.0.4",
      "license": "Apache-2.0 OR MIT",
      "dependencies": {
        "interface-store": "^3.0.0",
        "nanoid": "^4.0.0",
        "uint8arrays": "^4.0.2"
      },
      "engines": {
        "node": ">=16.0.0",
        "npm": ">=7.0.0"
      }
    },
    "node_modules/ipfs-core-types/node_modules/interface-store": {
      "version": "3.0.4",
      "license": "Apache-2.0 OR MIT",
      "engines": {
        "node": ">=16.0.0",
        "npm": ">=7.0.0"
      }
    },
    "node_modules/ipfs-core-utils": {
      "version": "0.18.1",
      "license": "Apache-2.0 OR MIT",
      "dependencies": {
        "@libp2p/logger": "^2.0.5",
        "@multiformats/multiaddr": "^11.1.5",
        "@multiformats/multiaddr-to-uri": "^9.0.1",
        "any-signal": "^3.0.0",
        "blob-to-it": "^2.0.0",
        "browser-readablestream-to-it": "^2.0.0",
        "err-code": "^3.0.1",
        "ipfs-core-types": "^0.14.1",
        "ipfs-unixfs": "^9.0.0",
        "ipfs-utils": "^9.0.13",
        "it-all": "^2.0.0",
        "it-map": "^2.0.0",
        "it-peekable": "^2.0.0",
        "it-to-stream": "^1.0.0",
        "merge-options": "^3.0.4",
        "multiformats": "^11.0.0",
        "nanoid": "^4.0.0",
        "parse-duration": "^1.0.0",
        "timeout-abort-controller": "^3.0.0",
        "uint8arrays": "^4.0.2"
      },
      "engines": {
        "node": ">=16.0.0",
        "npm": ">=7.0.0"
      }
    },
    "node_modules/ipfs-http-client": {
      "version": "60.0.1",
      "license": "Apache-2.0 OR MIT",
      "dependencies": {
        "@ipld/dag-cbor": "^9.0.0",
        "@ipld/dag-json": "^10.0.0",
        "@ipld/dag-pb": "^4.0.0",
        "@libp2p/logger": "^2.0.5",
        "@libp2p/peer-id": "^2.0.0",
        "@multiformats/multiaddr": "^11.1.5",
        "any-signal": "^3.0.0",
        "dag-jose": "^4.0.0",
        "err-code": "^3.0.1",
        "ipfs-core-types": "^0.14.1",
        "ipfs-core-utils": "^0.18.1",
        "ipfs-utils": "^9.0.13",
        "it-first": "^2.0.0",
        "it-last": "^2.0.0",
        "merge-options": "^3.0.4",
        "multiformats": "^11.0.0",
        "parse-duration": "^1.0.0",
        "stream-to-it": "^0.2.2",
        "uint8arrays": "^4.0.2"
      },
      "engines": {
        "node": ">=16.0.0",
        "npm": ">=7.0.0"
      }
    },
    "node_modules/ipfs-unixfs": {
      "version": "9.0.1",
      "license": "Apache-2.0 OR MIT",
      "dependencies": {
        "err-code": "^3.0.1",
        "protobufjs": "^7.0.0"
      },
      "engines": {
        "node": ">=16.0.0",
        "npm": ">=7.0.0"
      }
    },
    "node_modules/ipfs-utils": {
      "version": "9.0.14",
      "license": "Apache-2.0 OR MIT",
      "dependencies": {
        "any-signal": "^3.0.0",
        "browser-readablestream-to-it": "^1.0.0",
        "buffer": "^6.0.1",
        "electron-fetch": "^1.7.2",
        "err-code": "^3.0.1",
        "is-electron": "^2.2.0",
        "iso-url": "^1.1.5",
        "it-all": "^1.0.4",
        "it-glob": "^1.0.1",
        "it-to-stream": "^1.0.0",
        "merge-options": "^3.0.4",
        "nanoid": "^3.1.20",
        "native-fetch": "^3.0.0",
        "node-fetch": "^2.6.8",
        "react-native-fetch-api": "^3.0.0",
        "stream-to-it": "^0.2.2"
      },
      "engines": {
        "node": ">=16.0.0",
        "npm": ">=7.0.0"
      }
    },
    "node_modules/ipfs-utils/node_modules/browser-readablestream-to-it": {
      "version": "1.0.3",
      "license": "ISC"
    },
    "node_modules/ipfs-utils/node_modules/it-all": {
      "version": "1.0.6",
      "license": "ISC"
    },
    "node_modules/ipfs-utils/node_modules/nanoid": {
      "version": "3.3.11",
      "funding": [
        {
          "type": "github",
          "url": "https://github.com/sponsors/ai"
        }
      ],
      "license": "MIT",
      "bin": {
        "nanoid": "bin/nanoid.cjs"
      },
      "engines": {
        "node": "^10 || ^12 || ^13.7 || ^14 || >=15.0.1"
      }
    },
    "node_modules/ipfs-utils/node_modules/native-fetch": {
      "version": "3.0.0",
      "license": "MIT",
      "peerDependencies": {
        "node-fetch": "*"
      }
    },
    "node_modules/is-electron": {
      "version": "2.2.2",
      "license": "MIT"
    },
    "node_modules/is-plain-obj": {
      "version": "2.1.0",
      "license": "MIT",
      "engines": {
        "node": ">=8"
      }
    },
    "node_modules/iso-url": {
      "version": "1.2.1",
      "license": "MIT",
      "engines": {
        "node": ">=12"
      }
    },
    "node_modules/isows": {
      "version": "1.0.7",
      "funding": [
        {
          "type": "github",
          "url": "https://github.com/sponsors/wevm"
        }
      ],
      "license": "MIT",
      "peerDependencies": {
        "ws": "*"
      }
    },
    "node_modules/it-all": {
      "version": "2.0.1",
      "license": "Apache-2.0 OR MIT",
      "engines": {
        "node": ">=16.0.0",
        "npm": ">=7.0.0"
      }
    },
    "node_modules/it-first": {
      "version": "2.0.1",
      "license": "Apache-2.0 OR MIT",
      "engines": {
        "node": ">=16.0.0",
        "npm": ">=7.0.0"
      }
    },
    "node_modules/it-glob": {
      "version": "1.0.2",
      "license": "ISC",
      "dependencies": {
        "@types/minimatch": "^3.0.4",
        "minimatch": "^3.0.4"
      }
    },
    "node_modules/it-last": {
      "version": "2.0.1",
      "license": "Apache-2.0 OR MIT",
      "engines": {
        "node": ">=16.0.0",
        "npm": ">=7.0.0"
      }
    },
    "node_modules/it-map": {
      "version": "2.0.1",
      "license": "Apache-2.0 OR MIT",
      "engines": {
        "node": ">=16.0.0",
        "npm": ">=7.0.0"
      }
    },
    "node_modules/it-peekable": {
      "version": "2.0.1",
      "license": "Apache-2.0 OR MIT",
      "engines": {
        "node": ">=16.0.0",
        "npm": ">=7.0.0"
      }
    },
    "node_modules/it-pushable": {
      "version": "3.2.3",
      "license": "Apache-2.0 OR MIT",
      "dependencies": {
        "p-defer": "^4.0.0"
      }
    },
    "node_modules/it-stream-types": {
      "version": "1.0.5",
      "license": "Apache-2.0 OR MIT",
      "engines": {
        "node": ">=16.0.0",
        "npm": ">=7.0.0"
      }
    },
    "node_modules/it-to-stream": {
      "version": "1.0.0",
      "license": "MIT",
      "dependencies": {
        "buffer": "^6.0.3",
        "fast-fifo": "^1.0.0",
        "get-iterator": "^1.0.2",
        "p-defer": "^3.0.0",
        "p-fifo": "^1.0.0",
        "readable-stream": "^3.6.0"
      }
    },
    "node_modules/it-to-stream/node_modules/p-defer": {
      "version": "3.0.0",
      "license": "MIT",
      "engines": {
        "node": ">=8"
      }
    },
    "node_modules/long": {
      "version": "5.3.2",
      "license": "Apache-2.0"
    },
    "node_modules/main-event": {
      "version": "1.0.1",
      "license": "Apache-2.0 OR MIT"
    },
    "node_modules/merge-options": {
      "version": "3.0.4",
      "license": "MIT",
      "dependencies": {
        "is-plain-obj": "^2.1.0"
      },
      "engines": {
        "node": ">=10"
      }
    },
    "node_modules/minimatch": {
      "version": "3.1.2",
      "license": "ISC",
      "dependencies": {
        "brace-expansion": "^1.1.7"
      },
      "engines": {
        "node": "*"
      }
    },
    "node_modules/ms": {
      "version": "2.1.3",
      "license": "MIT"
    },
    "node_modules/multiformats": {
      "version": "11.0.2",
      "license": "Apache-2.0 OR MIT",
      "engines": {
        "node": ">=16.0.0",
        "npm": ">=7.0.0"
      }
    },
    "node_modules/nanoid": {
      "version": "4.0.2",
      "funding": [
        {
          "type": "github",
          "url": "https://github.com/sponsors/ai"
        }
      ],
      "license": "MIT",
      "bin": {
        "nanoid": "bin/nanoid.js"
      },
      "engines": {
        "node": "^14 || ^16 || >=18"
      }
    },
    "node_modules/native-fetch": {
      "version": "4.0.2",
      "license": "MIT",
      "peerDependencies": {
        "undici": "*"
      }
    },
    "node_modules/node-fetch": {
      "version": "2.7.0",
      "license": "MIT",
      "dependencies": {
        "whatwg-url": "^5.0.0"
      },
      "engines": {
        "node": "4.x || >=6.0.0"
      },
      "peerDependencies": {
        "encoding": "^0.1.0"
      },
      "peerDependenciesMeta": {
        "encoding": {
          "optional": true
        }
      }
    },
    "node_modules/ox": {
      "version": "0.11.3",
      "funding": [
        {
          "type": "github",
          "url": "https://github.com/sponsors/wevm"
        }
      ],
      "license": "MIT",
      "dependencies": {
        "@adraffy/ens-normalize": "^1.11.0",
        "@noble/ciphers": "^1.3.0",
        "@noble/curves": "1.9.1",
        "@noble/hashes": "^1.8.0",
        "@scure/bip32": "^1.7.0",
        "@scure/bip39": "^1.6.0",
        "abitype": "^1.2.3",
        "eventemitter3": "5.0.1"
      },
      "peerDependencies": {
        "typescript": ">=5.4.0"
      },
      "peerDependenciesMeta": {
        "typescript": {
          "optional": true
        }
      }
    },
    "node_modules/p-defer": {
      "version": "4.0.1",
      "license": "MIT",
      "engines": {
        "node": ">=12"
      },
      "funding": {
        "url": "https://github.com/sponsors/sindresorhus"
      }
    },
    "node_modules/p-fifo": {
      "version": "1.0.0",
      "license": "MIT",
      "dependencies": {
        "fast-fifo": "^1.0.0",
        "p-defer": "^3.0.0"
      }
    },
    "node_modules/p-fifo/node_modules/p-defer": {
      "version": "3.0.0",
      "license": "MIT",
      "engines": {
        "node": ">=8"
      }
    },
    "node_modules/p-queue": {
      "version": "9.1.0",
      "license": "MIT",
      "dependencies": {
        "eventemitter3": "^5.0.1",
        "p-timeout": "^7.0.0"
      },
      "engines": {
        "node": ">=20"
      },
      "funding": {
        "url": "https://github.com/sponsors/sindresorhus"
      }
    },
    "node_modules/p-timeout": {
      "version": "7.0.1",
      "license": "MIT",
      "engines": {
        "node": ">=20"
      },
      "funding": {
        "url": "https://github.com/sponsors/sindresorhus"
      }
    },
    "node_modules/parse-duration": {
      "version": "1.1.2",
      "license": "MIT"
    },
    "node_modules/progress-events": {
      "version": "1.0.1",
      "license": "Apache-2.0 OR MIT"
    },
    "node_modules/protobufjs": {
      "version": "7.5.4",
      "hasInstallScript": true,
      "license": "BSD-3-Clause",
      "dependencies": {
        "@protobufjs/aspromise": "^1.1.2",
        "@protobufjs/base64": "^1.1.2",
        "@protobufjs/codegen": "^2.0.4",
        "@protobufjs/eventemitter": "^1.1.0",
        "@protobufjs/fetch": "^1.1.0",
        "@protobufjs/float": "^1.0.2",
        "@protobufjs/inquire": "^1.1.0",
        "@protobufjs/path": "^1.1.2",
        "@protobufjs/pool": "^1.1.0",
        "@protobufjs/utf8": "^1.1.0",
        "@types/node": ">=13.7.0",
        "long": "^5.0.0"
      },
      "engines": {
        "node": ">=12.0.0"
      }
    },
    "node_modules/react-native-fetch-api": {
      "version": "3.0.0",
      "license": "MIT",
      "dependencies": {
        "p-defer": "^3.0.0"
      }
    },
    "node_modules/react-native-fetch-api/node_modules/p-defer": {
      "version": "3.0.0",
      "license": "MIT",
      "engines": {
        "node": ">=8"
      }
    },
    "node_modules/readable-stream": {
      "version": "3.6.2",
      "license": "MIT",
      "dependencies": {
        "inherits": "^2.0.3",
        "string_decoder": "^1.1.1",
        "util-deprecate": "^1.0.1"
      },
      "engines": {
        "node": ">= 6"
      }
    },
    "node_modules/receptacle": {
      "version": "1.3.2",
      "license": "MIT",
      "dependencies": {
        "ms": "^2.1.1"
      }
    },
    "node_modules/retimer": {
      "version": "3.0.0",
      "license": "MIT"
    },
    "node_modules/safe-buffer": {
      "version": "5.2.1",
      "funding": [
        {
          "type": "github",
          "url": "https://github.com/sponsors/feross"
        },
        {
          "type": "patreon",
          "url": "https://www.patreon.com/feross"
        },
        {
          "type": "consulting",
          "url": "https://feross.org/support"
        }
      ],
      "license": "MIT"
    },
    "node_modules/safer-buffer": {
      "version": "2.1.2",
      "license": "MIT"
    },
    "node_modules/stream-to-it": {
      "version": "0.2.4",
      "license": "MIT",
      "dependencies": {
        "get-iterator": "^1.0.2"
      }
    },
    "node_modules/string_decoder": {
      "version": "1.3.0",
      "license": "MIT",
      "dependencies": {
        "safe-buffer": "~5.2.0"
      }
    },
    "node_modules/timeout-abort-controller": {
      "version": "3.0.0",
      "license": "MIT",
      "dependencies": {
        "retimer": "^3.0.0"
      }
    },
    "node_modules/tr46": {
      "version": "0.0.3",
      "license": "MIT"
    },
    "node_modules/uint8-varint": {
      "version": "2.0.4",
      "license": "Apache-2.0 OR MIT",
      "dependencies": {
        "uint8arraylist": "^2.0.0",
        "uint8arrays": "^5.0.0"
      }
    },
    "node_modules/uint8-varint/node_modules/multiformats": {
      "version": "13.4.2",
      "license": "Apache-2.0 OR MIT"
    },
    "node_modules/uint8-varint/node_modules/uint8arrays": {
      "version": "5.1.0",
      "license": "Apache-2.0 OR MIT",
      "dependencies": {
        "multiformats": "^13.0.0"
      }
    },
    "node_modules/uint8arraylist": {
      "version": "2.4.8",
      "license": "Apache-2.0 OR MIT",
      "dependencies": {
        "uint8arrays": "^5.0.1"
      }
    },
    "node_modules/uint8arraylist/node_modules/multiformats": {
      "version": "13.4.2",
      "license": "Apache-2.0 OR MIT"
    },
    "node_modules/uint8arraylist/node_modules/uint8arrays": {
      "version": "5.1.0",
      "license": "Apache-2.0 OR MIT",
      "dependencies": {
        "multiformats": "^13.0.0"
      }
    },
    "node_modules/uint8arrays": {
      "version": "4.0.10",
      "license": "Apache-2.0 OR MIT",
      "dependencies": {
        "multiformats": "^12.0.1"
      }
    },
    "node_modules/uint8arrays/node_modules/multiformats": {
      "version": "12.1.3",
      "license": "Apache-2.0 OR MIT",
      "engines": {
        "node": ">=16.0.0",
        "npm": ">=7.0.0"
      }
    },
    "node_modules/undici": {
      "version": "5.29.0",
      "license": "MIT",
      "dependencies": {
        "@fastify/busboy": "^2.0.0"
      },
      "engines": {
        "node": ">=14.0"
      }
    },
    "node_modules/undici-types": {
      "version": "5.26.5",
      "license": "MIT"
    },
    "node_modules/utf8-codec": {
      "version": "1.0.0",
      "license": "MIT"
    },
    "node_modules/util-deprecate": {
      "version": "1.0.2",
      "license": "MIT"
    },
    "node_modules/varint": {
      "version": "6.0.0",
      "license": "MIT"
    },
    "node_modules/viem": {
      "version": "2.45.2",
      "resolved": "https://registry.npmjs.org/viem/-/viem-2.45.2.tgz",
      "integrity": "sha512-GXPMmj0ukqFNL87sgpsZBy4CjGvsFQk42/EUdsn8dv3ZWtL4ukDXNCM0nME2hU0IcuS29CuUbrwbZN6iWxAipw==",
      "funding": [
        {
          "type": "github",
          "url": "https://github.com/sponsors/wevm"
        }
      ],
      "license": "MIT",
      "dependencies": {
        "@noble/curves": "1.9.1",
        "@noble/hashes": "1.8.0",
        "@scure/bip32": "1.7.0",
        "@scure/bip39": "1.6.0",
        "abitype": "1.2.3",
        "isows": "1.0.7",
        "ox": "0.11.3",
        "ws": "8.18.3"
      },
      "peerDependencies": {
        "typescript": ">=5.0.4"
      },
      "peerDependenciesMeta": {
        "typescript": {
          "optional": true
        }
      }
    },
    "node_modules/webidl-conversions": {
      "version": "3.0.1",
      "license": "BSD-2-Clause"
    },
    "node_modules/whatwg-url": {
      "version": "5.0.0",
      "license": "MIT",
      "dependencies": {
        "tr46": "~0.0.3",
        "webidl-conversions": "^3.0.0"
      }
    },
    "node_modules/ws": {
      "version": "8.18.3",
      "license": "MIT",
      "engines": {
        "node": ">=10.0.0"
      },
      "peerDependencies": {
        "bufferutil": "^4.0.1",
        "utf-8-validate": ">=5.0.2"
      },
      "peerDependenciesMeta": {
        "bufferutil": {
          "optional": true
        },
        "utf-8-validate": {
          "optional": true
        }
      }
    }
  }
}
