{
  "name": "nostr-skill",
  "lockfileVersion": 3,
  "requires": true,
  "packages": {
    "": {
      "name": "nostr-skill",
      "dependencies": {
        "@scure/bip32": "^2.0.1",
        "@scure/bip39": "^2.0.1",
        "cocod": "^0.0.10",
        "nostr-tools": "^2.10.0",
        "ws": "^8.18.0"
      }
    },
    "node_modules/@cashu/cashu-ts": {
      "version": "3.3.0",
      "resolved": "https://registry.npmjs.org/@cashu/cashu-ts/-/cashu-ts-3.3.0.tgz",
      "integrity": "sha512-hHUOhjPLK77axDdj/4qO5mJ14rkh+rZGe1Gz2RbkW2j+SIglNbc2NsKSvjvoQcshupm02FudKi9Y3s3M8ZSYzg==",
      "license": "MIT",
      "dependencies": {
        "@noble/curves": "^2.0.1",
        "@noble/hashes": "^2.0.1",
        "@scure/base": "^2.0.0",
        "@scure/bip32": "^2.0.1"
      },
      "engines": {
        "node": ">=22.4.0"
      }
    },
    "node_modules/@noble/ciphers": {
      "version": "2.1.1",
      "resolved": "https://registry.npmjs.org/@noble/ciphers/-/ciphers-2.1.1.tgz",
      "integrity": "sha512-bysYuiVfhxNJuldNXlFEitTVdNnYUc+XNJZd7Qm2a5j1vZHgY+fazadNFWFaMK/2vye0JVlxV3gHmC0WDfAOQw==",
      "license": "MIT",
      "engines": {
        "node": ">= 20.19.0"
      },
      "funding": {
        "url": "https://paulmillr.com/funding/"
      }
    },
    "node_modules/@noble/curves": {
      "version": "2.0.1",
      "resolved": "https://registry.npmjs.org/@noble/curves/-/curves-2.0.1.tgz",
      "integrity": "sha512-vs1Az2OOTBiP4q0pwjW5aF0xp9n4MxVrmkFBxc6EKZc6ddYx5gaZiAsZoq0uRRXWbi3AT/sBqn05eRPtn1JCPw==",
      "license": "MIT",
      "dependencies": {
        "@noble/hashes": "2.0.1"
      },
      "engines": {
        "node": ">= 20.19.0"
      },
      "funding": {
        "url": "https://paulmillr.com/funding/"
      }
    },
    "node_modules/@noble/hashes": {
      "version": "2.0.1",
      "resolved": "https://registry.npmjs.org/@noble/hashes/-/hashes-2.0.1.tgz",
      "integrity": "sha512-XlOlEbQcE9fmuXxrVTXCTlG2nlRXa9Rj3rr5Ue/+tX+nmkgbX720YHh0VR3hBF9xDvwnb8D2shVGOwNx+ulArw==",
      "license": "MIT",
      "engines": {
        "node": ">= 20.19.0"
      },
      "funding": {
        "url": "https://paulmillr.com/funding/"
      }
    },
    "node_modules/@scure/base": {
      "version": "2.0.0",
      "resolved": "https://registry.npmjs.org/@scure/base/-/base-2.0.0.tgz",
      "integrity": "sha512-3E1kpuZginKkek01ovG8krQ0Z44E3DHPjc5S2rjJw9lZn3KSQOs8S7wqikF/AH7iRanHypj85uGyxk0XAyC37w==",
      "license": "MIT",
      "funding": {
        "url": "https://paulmillr.com/funding/"
      }
    },
    "node_modules/@scure/bip32": {
      "version": "2.0.1",
      "resolved": "https://registry.npmjs.org/@scure/bip32/-/bip32-2.0.1.tgz",
      "integrity": "sha512-4Md1NI5BzoVP+bhyJaY3K6yMesEFzNS1sE/cP+9nuvE7p/b0kx9XbpDHHFl8dHtufcbdHRUUQdRqLIPHN/s7yA==",
      "license": "MIT",
      "dependencies": {
        "@noble/curves": "2.0.1",
        "@noble/hashes": "2.0.1",
        "@scure/base": "2.0.0"
      },
      "funding": {
        "url": "https://paulmillr.com/funding/"
      }
    },
    "node_modules/@scure/bip39": {
      "version": "2.0.1",
      "resolved": "https://registry.npmjs.org/@scure/bip39/-/bip39-2.0.1.tgz",
      "integrity": "sha512-PsxdFj/d2AcJcZDX1FXN3dDgitDDTmwf78rKZq1a6c1P1Nan1X/Sxc7667zU3U+AN60g7SxxP0YCVw2H/hBycg==",
      "license": "MIT",
      "dependencies": {
        "@noble/hashes": "2.0.1",
        "@scure/base": "2.0.0"
      },
      "funding": {
        "url": "https://paulmillr.com/funding/"
      }
    },
    "node_modules/coco-cashu-core": {
      "version": "1.1.2-rc.47",
      "resolved": "https://registry.npmjs.org/coco-cashu-core/-/coco-cashu-core-1.1.2-rc.47.tgz",
      "integrity": "sha512-DJ1qHotnKTZ8l55eISlwGMRZHmSncdnAS701IHI+G6O+lYHgpXrurHbrf2abzqQwRCPWUXw7EW2q3mdDmcBtqg==",
      "dependencies": {
        "@cashu/cashu-ts": "3.3.0",
        "@noble/curves": "^2.0.1",
        "@noble/hashes": "^2.0.1",
        "@scure/bip32": "^2.0.1"
      },
      "peerDependencies": {
        "typescript": "^5"
      }
    },
    "node_modules/coco-cashu-plugin-npc": {
      "version": "2.3.1",
      "resolved": "https://registry.npmjs.org/coco-cashu-plugin-npc/-/coco-cashu-plugin-npc-2.3.1.tgz",
      "integrity": "sha512-eX0N7jqnmqCSix7wr8iMupvsuJ65WdpjO/YVpLUu4X/zRJj6jhmZnWOysQiumu2NzHxVVdXHX5eL4rO8CN0LRQ==",
      "license": "MIT",
      "dependencies": {
        "npubcash-sdk": "^0.3.2"
      },
      "engines": {
        "node": ">=18.0.0"
      },
      "peerDependencies": {
        "coco-cashu-core": "^1.1.2-rc.39",
        "typescript": "^5.0.0"
      }
    },
    "node_modules/coco-cashu-sqlite-bun": {
      "version": "1.1.2-rc.47",
      "resolved": "https://registry.npmjs.org/coco-cashu-sqlite-bun/-/coco-cashu-sqlite-bun-1.1.2-rc.47.tgz",
      "integrity": "sha512-DSpjM6SKnkZQBao+tS5IzPysn810L1lq0poJ8hdiuPoeJGQzSfiz/ObTXU4TL3S1xpFf/SsZvuWM1BbObCJlUQ==",
      "peerDependencies": {
        "coco-cashu-core": "1.1.2-rc.47",
        "typescript": "^5"
      }
    },
    "node_modules/cocod": {
      "version": "0.0.10",
      "resolved": "https://registry.npmjs.org/cocod/-/cocod-0.0.10.tgz",
      "integrity": "sha512-7usG4+UepKm6lPHgp/c/M+cMAgtDKAXL3BzOexdqKaXqhgtYASCpFiu0EJjZapu5VJlSfgd5CC056WcysPkeRg==",
      "dependencies": {
        "@scure/bip39": "^2.0.1",
        "coco-cashu-core": "^1.1.2-rc.43",
        "coco-cashu-plugin-npc": "^2.3.1",
        "coco-cashu-sqlite-bun": "^1.1.2-rc.46",
        "commander": "^14.0.2",
        "nostr-tools": "^2.22.1"
      },
      "bin": {
        "cocod": "src/index.ts"
      },
      "peerDependencies": {
        "typescript": "^5"
      }
    },
    "node_modules/commander": {
      "version": "14.0.3",
      "resolved": "https://registry.npmjs.org/commander/-/commander-14.0.3.tgz",
      "integrity": "sha512-H+y0Jo/T1RZ9qPP4Eh1pkcQcLRglraJaSLoyOtHxu6AapkjWVCy2Sit1QQ4x3Dng8qDlSsZEet7g5Pq06MvTgw==",
      "license": "MIT",
      "engines": {
        "node": ">=20"
      }
    },
    "node_modules/nostr-tools": {
      "version": "2.23.0",
      "resolved": "https://registry.npmjs.org/nostr-tools/-/nostr-tools-2.23.0.tgz",
      "integrity": "sha512-TcjR+HOxzf3sceLo9ceFekCwaQEamigaPllG7LTu3dLkJiPTw5vF0ekO8n7msWUG/G4D9cV8aqpoR0M3L9Bjwg==",
      "license": "Unlicense",
      "dependencies": {
        "@noble/ciphers": "2.1.1",
        "@noble/curves": "2.0.1",
        "@noble/hashes": "2.0.1",
        "@scure/base": "2.0.0",
        "@scure/bip32": "2.0.1",
        "@scure/bip39": "2.0.1",
        "nostr-wasm": "0.1.0"
      },
      "peerDependencies": {
        "typescript": ">=5.0.0"
      },
      "peerDependenciesMeta": {
        "typescript": {
          "optional": true
        }
      }
    },
    "node_modules/nostr-wasm": {
      "version": "0.1.0",
      "resolved": "https://registry.npmjs.org/nostr-wasm/-/nostr-wasm-0.1.0.tgz",
      "integrity": "sha512-78BTryCLcLYv96ONU8Ws3Q1JzjlAt+43pWQhIl86xZmWeegYCNLPml7yQ+gG3vR6V5h4XGj+TxO+SS5dsThQIA==",
      "license": "MIT"
    },
    "node_modules/npubcash-sdk": {
      "version": "0.3.2",
      "resolved": "https://registry.npmjs.org/npubcash-sdk/-/npubcash-sdk-0.3.2.tgz",
      "integrity": "sha512-mJwvWW6rAq04b/AHbd76T4gTeUqP2uprc01Y0ToU9ZK5co3n1PmBKWLBLbPN+VgpHhE0LubzjLq/qm70YWUugA==",
      "dependencies": {
        "@cashu/cashu-ts": "^3.2.2",
        "nostr-tools": "^2.19.4",
        "npubcash-types": "^0.1.1"
      }
    },
    "node_modules/npubcash-types": {
      "version": "0.1.1",
      "resolved": "https://registry.npmjs.org/npubcash-types/-/npubcash-types-0.1.1.tgz",
      "integrity": "sha512-/HGfes2cvQpkrWOuUrdemJJhJUQu+xiXl4x+AxQtKUMGCB8uEhfrXJfAQ0n+DgtkIX1YVLOh0a/e6E5LX+fUew==",
      "license": "MIT"
    },
    "node_modules/typescript": {
      "version": "5.9.3",
      "resolved": "https://registry.npmjs.org/typescript/-/typescript-5.9.3.tgz",
      "integrity": "sha512-jl1vZzPDinLr9eUt3J/t7V6FgNEw9QjvBPdysz9KfQDD41fQrC2Y4vKQdiaUpFT4bXlb1RHhLpp8wtm6M5TgSw==",
      "license": "Apache-2.0",
      "peer": true,
      "bin": {
        "tsc": "bin/tsc",
        "tsserver": "bin/tsserver"
      },
      "engines": {
        "node": ">=14.17"
      }
    },
    "node_modules/ws": {
      "version": "8.19.0",
      "resolved": "https://registry.npmjs.org/ws/-/ws-8.19.0.tgz",
      "integrity": "sha512-blAT2mjOEIi0ZzruJfIhb3nps74PRWTCz1IjglWEEpQl5XS/UNama6u2/rjFkDDouqr4L67ry+1aGIALViWjDg==",
      "license": "MIT",
      "engines": {
        "node": ">=10.0.0"
      },
      "peerDependencies": {
        "bufferutil": "^4.0.1",
        "utf-8-validate": ">=5.0.2"
      },
      "peerDependenciesMeta": {
        "bufferutil": {
          "optional": true
        },
        "utf-8-validate": {
          "optional": true
        }
      }
    }
  }
}
